
Microsoft Visual Studio Solution File, Format Version 12.00
# Visual Studio Version 17
VisualStudioVersion = 17.10.34928.147
MinimumVisualStudioVersion = 10.0.40219.1
Project("{FAE04EC0-301F-11D3-BF4B-00C04F79EFBC}") = "3_notions_divers", "3_notions_divers\3_notions_divers.csproj", "{D86051C1-CF57-4021-A673-E2BB7CD1C2EA}"
EndProject
Global
	GlobalSection(SolutionConfigurationPlatforms) = preSolution
		Debug|Any CPU = Debug|Any CPU
		Release|Any CPU = Release|Any CPU
	EndGlobalSection
	GlobalSection(ProjectConfigurationPlatforms) = postSolution
		{D86051C1-CF57-4021-A673-E2BB7CD1C2EA}.Debug|Any CPU.ActiveCfg = Debug|Any CPU
		{D86051C1-CF57-4021-A673-E2BB7CD1C2EA}.Debug|Any CPU.Build.0 = Debug|Any CPU
		{D86051C1-CF57-4021-A673-E2BB7CD1C2EA}.Release|Any CPU.ActiveCfg = Release|Any CPU
		{D86051C1-CF57-4021-A673-E2BB7CD1C2EA}.Release|Any CPU.Build.0 = Release|Any CPU
	EndGlobalSection
	GlobalSection(SolutionProperties) = preSolution
		HideSolutionNode = FALSE
	EndGlobalSection
	GlobalSection(ExtensibilityGlobals) = postSolution
		SolutionGuid = {015D7E47-4112-45CA-A347-8A8A013E0DF1}
	EndGlobalSection
EndGlobal
