
Microsoft Visual Studio Solution File, Format Version 12.00
# Visual Studio Version 17
VisualStudioVersion = 17.10.34928.147
MinimumVisualStudioVersion = 10.0.40219.1
Project("{FAE04EC0-301F-11D3-BF4B-00C04F79EFBC}") = "4_Tableaux", "4_Tableaux\4_Tableaux.csproj", "{D98D32EE-3FE8-4A34-BF52-FFE057CF2252}"
EndProject
Global
	GlobalSection(SolutionConfigurationPlatforms) = preSolution
		Debug|Any CPU = Debug|Any CPU
		Release|Any CPU = Release|Any CPU
	EndGlobalSection
	GlobalSection(ProjectConfigurationPlatforms) = postSolution
		{D98D32EE-3FE8-4A34-BF52-FFE057CF2252}.Debug|Any CPU.ActiveCfg = Debug|Any CPU
		{D98D32EE-3FE8-4A34-BF52-FFE057CF2252}.Debug|Any CPU.Build.0 = Debug|Any CPU
		{D98D32EE-3FE8-4A34-BF52-FFE057CF2252}.Release|Any CPU.ActiveCfg = Release|Any CPU
		{D98D32EE-3FE8-4A34-BF52-FFE057CF2252}.Release|Any CPU.Build.0 = Release|Any CPU
	EndGlobalSection
	GlobalSection(SolutionProperties) = preSolution
		HideSolutionNode = FALSE
	EndGlobalSection
	GlobalSection(ExtensibilityGlobals) = postSolution
		SolutionGuid = {019590A4-3F6B-40D8-8228-2208040B15AD}
	EndGlobalSection
EndGlobal
