
Microsoft Visual Studio Solution File, Format Version 12.00
# Visual Studio Version 17
VisualStudioVersion = 17.10.34928.147
MinimumVisualStudioVersion = 10.0.40219.1
Project("{FAE04EC0-301F-11D3-BF4B-00C04F79EFBC}") = "6_collections", "6_collections\6_collections.csproj", "{10E5FAD9-BDCF-4EF2-8C49-D17AAF2C728F}"
EndProject
Global
	GlobalSection(SolutionConfigurationPlatforms) = preSolution
		Debug|Any CPU = Debug|Any CPU
		Release|Any CPU = Release|Any CPU
	EndGlobalSection
	GlobalSection(ProjectConfigurationPlatforms) = postSolution
		{10E5FAD9-BDCF-4EF2-8C49-D17AAF2C728F}.Debug|Any CPU.ActiveCfg = Debug|Any CPU
		{10E5FAD9-BDCF-4EF2-8C49-D17AAF2C728F}.Debug|Any CPU.Build.0 = Debug|Any CPU
		{10E5FAD9-BDCF-4EF2-8C49-D17AAF2C728F}.Release|Any CPU.ActiveCfg = Release|Any CPU
		{10E5FAD9-BDCF-4EF2-8C49-D17AAF2C728F}.Release|Any CPU.Build.0 = Release|Any CPU
	EndGlobalSection
	GlobalSection(SolutionProperties) = preSolution
		HideSolutionNode = FALSE
	EndGlobalSection
	GlobalSection(ExtensibilityGlobals) = postSolution
		SolutionGuid = {B9B808CC-5F18-4211-92F6-7B601C351D2B}
	EndGlobalSection
EndGlobal
