
Microsoft Visual Studio Solution File, Format Version 12.00
# Visual Studio Version 17
VisualStudioVersion = 17.10.34928.147
MinimumVisualStudioVersion = 10.0.40219.1
Project("{FAE04EC0-301F-11D3-BF4B-00C04F79EFBC}") = "5_sol_exos_lab_tab", "5_sol_exos_lab_tab\5_sol_exos_lab_tab.csproj", "{F161418A-D875-4491-B9BA-9AD6B60878F2}"
EndProject
Global
	GlobalSection(SolutionConfigurationPlatforms) = preSolution
		Debug|Any CPU = Debug|Any CPU
		Release|Any CPU = Release|Any CPU
	EndGlobalSection
	GlobalSection(ProjectConfigurationPlatforms) = postSolution
		{F161418A-D875-4491-B9BA-9AD6B60878F2}.Debug|Any CPU.ActiveCfg = Debug|Any CPU
		{F161418A-D875-4491-B9BA-9AD6B60878F2}.Debug|Any CPU.Build.0 = Debug|Any CPU
		{F161418A-D875-4491-B9BA-9AD6B60878F2}.Release|Any CPU.ActiveCfg = Release|Any CPU
		{F161418A-D875-4491-B9BA-9AD6B60878F2}.Release|Any CPU.Build.0 = Release|Any CPU
	EndGlobalSection
	GlobalSection(SolutionProperties) = preSolution
		HideSolutionNode = FALSE
	EndGlobalSection
	GlobalSection(ExtensibilityGlobals) = postSolution
		SolutionGuid = {1F8170F0-E0E5-4C13-9342-DFCF3F399E7A}
	EndGlobalSection
EndGlobal
