
Microsoft Visual Studio Solution File, Format Version 12.00
# Visual Studio Version 17
VisualStudioVersion = 17.10.34928.147
MinimumVisualStudioVersion = 10.0.40219.1
Project("{FAE04EC0-301F-11D3-BF4B-00C04F79EFBC}") = "9_exercices_divers", "9_exercices_divers\9_exercices_divers.csproj", "{90EF38A8-0235-4638-8502-7D5EF8199EE2}"
EndProject
Project("{FAE04EC0-301F-11D3-BF4B-00C04F79EFBC}") = "Poo", "Poo\Poo.csproj", "{D28B4BE5-058B-4AD9-9EFA-2EDD3B4823B8}"
EndProject
Global
	GlobalSection(SolutionConfigurationPlatforms) = preSolution
		Debug|Any CPU = Debug|Any CPU
		Release|Any CPU = Release|Any CPU
	EndGlobalSection
	GlobalSection(ProjectConfigurationPlatforms) = postSolution
		{90EF38A8-0235-4638-8502-7D5EF8199EE2}.Debug|Any CPU.ActiveCfg = Debug|Any CPU
		{90EF38A8-0235-4638-8502-7D5EF8199EE2}.Debug|Any CPU.Build.0 = Debug|Any CPU
		{90EF38A8-0235-4638-8502-7D5EF8199EE2}.Release|Any CPU.ActiveCfg = Release|Any CPU
		{90EF38A8-0235-4638-8502-7D5EF8199EE2}.Release|Any CPU.Build.0 = Release|Any CPU
		{D28B4BE5-058B-4AD9-9EFA-2EDD3B4823B8}.Debug|Any CPU.ActiveCfg = Debug|Any CPU
		{D28B4BE5-058B-4AD9-9EFA-2EDD3B4823B8}.Debug|Any CPU.Build.0 = Debug|Any CPU
		{D28B4BE5-058B-4AD9-9EFA-2EDD3B4823B8}.Release|Any CPU.ActiveCfg = Release|Any CPU
		{D28B4BE5-058B-4AD9-9EFA-2EDD3B4823B8}.Release|Any CPU.Build.0 = Release|Any CPU
	EndGlobalSection
	GlobalSection(SolutionProperties) = preSolution
		HideSolutionNode = FALSE
	EndGlobalSection
	GlobalSection(ExtensibilityGlobals) = postSolution
		SolutionGuid = {7469BC9E-3594-4D73-BA0B-27300B782111}
	EndGlobalSection
EndGlobal
